// !$*UTF8*$!
{
	archiveVersion = 1;
	classes = {
	};
	objectVersion = 46;
	objects = {

/* Begin PBXBuildFile section */
		181349FB1D857AC300164859 /* HomeTopTitle.m in Sources */ = {isa = PBXBuildFile; fileRef = 181349FA1D857AC300164859 /* HomeTopTitle.m */; };
		186B9F3B1D85978A00937060 /* AddButtonView.m in Sources */ = {isa = PBXBuildFile; fileRef = 186B9F3A1D85978A00937060 /* AddButtonView.m */; };
		18FD82CA1D82F20E00FD2330 /* CircleView.m in Sources */ = {isa = PBXBuildFile; fileRef = 18FD82C91D82F20E00FD2330 /* CircleView.m */; };
		74B44D56E70E7783A094741F /* libPods-News.a in Frameworks */ = {isa = PBXBuildFile; fileRef = 8F6F192F7D38A3917DFFC16F /* libPods-News.a */; };
		7EF318731D82449400CB23D9 /* main.m in Sources */ = {isa = PBXBuildFile; fileRef = 7EF318721D82449400CB23D9 /* main.m */; };
		7EF318761D82449400CB23D9 /* AppDelegate.m in Sources */ = {isa = PBXBuildFile; fileRef = 7EF318751D82449400CB23D9 /* AppDelegate.m */; };
		7EF3187E1D82449400CB23D9 /* Assets.xcassets in Resources */ = {isa = PBXBuildFile; fileRef = 7EF3187D1D82449400CB23D9 /* Assets.xcassets */; };
		7EF318811D82449400CB23D9 /* LaunchScreen.storyboard in Resources */ = {isa = PBXBuildFile; fileRef = 7EF3187F1D82449400CB23D9 /* LaunchScreen.storyboard */; };
		7EF318E21D827AD000CB23D9 /* UIButton+XHEnlarged.m in Sources */ = {isa = PBXBuildFile; fileRef = 7EF318D51D827AD000CB23D9 /* UIButton+XHEnlarged.m */; };
		7EF318E31D827AD000CB23D9 /* UIImage+XHGIF.m in Sources */ = {isa = PBXBuildFile; fileRef = 7EF318D71D827AD000CB23D9 /* UIImage+XHGIF.m */; };
		7EF318E41D827AD000CB23D9 /* UIImageView+XHWebCache.m in Sources */ = {isa = PBXBuildFile; fileRef = 7EF318D91D827AD000CB23D9 /* UIImageView+XHWebCache.m */; };
		7EF318E51D827AD000CB23D9 /* XHImageCache.m in Sources */ = {isa = PBXBuildFile; fileRef = 7EF318DB1D827AD000CB23D9 /* XHImageCache.m */; };
		7EF318E61D827AD000CB23D9 /* XHLaunchAd.m in Sources */ = {isa = PBXBuildFile; fileRef = 7EF318DD1D827AD000CB23D9 /* XHLaunchAd.m */; };
		7EF318E71D827AD000CB23D9 /* XHWebImageDownload.m in Sources */ = {isa = PBXBuildFile; fileRef = 7EF318DF1D827AD000CB23D9 /* XHWebImageDownload.m */; };
		7EF318EB1D827BE400CB23D9 /* BeforeLoginViewController.m in Sources */ = {isa = PBXBuildFile; fileRef = 7EF318EA1D827BE400CB23D9 /* BeforeLoginViewController.m */; };
		7EF318F21D82870A00CB23D9 /* RequestManager.m in Sources */ = {isa = PBXBuildFile; fileRef = 7EF318F11D82870A00CB23D9 /* RequestManager.m */; };
		7EF318F51D828A6700CB23D9 /* RBRequestTool.m in Sources */ = {isa = PBXBuildFile; fileRef = 7EF318F41D828A6700CB23D9 /* RBRequestTool.m */; };
		7EF318F71D828D3700CB23D9 /* Login&Register.storyboard in Resources */ = {isa = PBXBuildFile; fileRef = 7EF318F61D828D3700CB23D9 /* Login&Register.storyboard */; };
		7EF318FE1D82906800CB23D9 /* YMHomeViewController.m in Sources */ = {isa = PBXBuildFile; fileRef = 7EF318FD1D82906800CB23D9 /* YMHomeViewController.m */; };
		7EF319011D82909100CB23D9 /* YMVideoViewController.m in Sources */ = {isa = PBXBuildFile; fileRef = 7EF319001D82909100CB23D9 /* YMVideoViewController.m */; };
		7EF319041D8290A800CB23D9 /* YMNewCareViewController.m in Sources */ = {isa = PBXBuildFile; fileRef = 7EF319031D8290A800CB23D9 /* YMNewCareViewController.m */; };
		7EF319071D8290B800CB23D9 /* YMMineViewController.m in Sources */ = {isa = PBXBuildFile; fileRef = 7EF319061D8290B800CB23D9 /* YMMineViewController.m */; };
		7EF3190D1D82927100CB23D9 /* YMTabBarController.m in Sources */ = {isa = PBXBuildFile; fileRef = 7EF3190C1D82927100CB23D9 /* YMTabBarController.m */; };
		7EF319101D82980000CB23D9 /* YMNavigationController.m in Sources */ = {isa = PBXBuildFile; fileRef = 7EF3190F1D82980000CB23D9 /* YMNavigationController.m */; };
		7EF319121D829AB600CB23D9 /* Home.storyboard in Resources */ = {isa = PBXBuildFile; fileRef = 7EF319111D829AB600CB23D9 /* Home.storyboard */; };
		7EF319141D829B3C00CB23D9 /* Mine.storyboard in Resources */ = {isa = PBXBuildFile; fileRef = 7EF319131D829B3C00CB23D9 /* Mine.storyboard */; };
		7EF319161D829B5E00CB23D9 /* NewsCare.storyboard in Resources */ = {isa = PBXBuildFile; fileRef = 7EF319151D829B5E00CB23D9 /* NewsCare.storyboard */; };
		7EF319181D829B6C00CB23D9 /* Video.storyboard in Resources */ = {isa = PBXBuildFile; fileRef = 7EF319171D829B6C00CB23D9 /* Video.storyboard */; };
/* End PBXBuildFile section */

/* Begin PBXFileReference section */
		181349F91D857AC300164859 /* HomeTopTitle.h */ = {isa = PBXFileReference; fileEncoding = 4; lastKnownFileType = sourcecode.c.h; path = HomeTopTitle.h; sourceTree = "<group>"; };
		181349FA1D857AC300164859 /* HomeTopTitle.m */ = {isa = PBXFileReference; fileEncoding = 4; lastKnownFileType = sourcecode.c.objc; path = HomeTopTitle.m; sourceTree = "<group>"; };
		181349FE1D857C3000164859 /* YMConst.h */ = {isa = PBXFileReference; fileEncoding = 4; lastKnownFileType = sourcecode.c.h; path = YMConst.h; sourceTree = "<group>"; };
		186B9F391D85978A00937060 /* AddButtonView.h */ = {isa = PBXFileReference; fileEncoding = 4; lastKnownFileType = sourcecode.c.h; path = AddButtonView.h; sourceTree = "<group>"; };
		186B9F3A1D85978A00937060 /* AddButtonView.m */ = {isa = PBXFileReference; fileEncoding = 4; lastKnownFileType = sourcecode.c.objc; path = AddButtonView.m; sourceTree = "<group>"; };
		18FD82C81D82F20E00FD2330 /* CircleView.h */ = {isa = PBXFileReference; fileEncoding = 4; lastKnownFileType = sourcecode.c.h; path = CircleView.h; sourceTree = "<group>"; };
		18FD82C91D82F20E00FD2330 /* CircleView.m */ = {isa = PBXFileReference; fileEncoding = 4; lastKnownFileType = sourcecode.c.objc; path = CircleView.m; sourceTree = "<group>"; };
		265927345EEBE6EAF3184307 /* Pods-News.release.xcconfig */ = {isa = PBXFileReference; includeInIndex = 1; lastKnownFileType = text.xcconfig; name = "Pods-News.release.xcconfig"; path = "Pods/Target Support Files/Pods-News/Pods-News.release.xcconfig"; sourceTree = "<group>"; };
		5ADAA3FFFA8025403D1F2260 /* Pods-News.debug.xcconfig */ = {isa = PBXFileReference; includeInIndex = 1; lastKnownFileType = text.xcconfig; name = "Pods-News.debug.xcconfig"; path = "Pods/Target Support Files/Pods-News/Pods-News.debug.xcconfig"; sourceTree = "<group>"; };
		7EF3186E1D82449400CB23D9 /* News.app */ = {isa = PBXFileReference; explicitFileType = wrapper.application; includeInIndex = 0; path = News.app; sourceTree = BUILT_PRODUCTS_DIR; };
		7EF318721D82449400CB23D9 /* main.m */ = {isa = PBXFileReference; lastKnownFileType = sourcecode.c.objc; path = main.m; sourceTree = "<group>"; };
		7EF318741D82449400CB23D9 /* AppDelegate.h */ = {isa = PBXFileReference; lastKnownFileType = sourcecode.c.h; path = AppDelegate.h; sourceTree = "<group>"; };
		7EF318751D82449400CB23D9 /* AppDelegate.m */ = {isa = PBXFileReference; lastKnownFileType = sourcecode.c.objc; path = AppDelegate.m; sourceTree = "<group>"; };
		7EF3187D1D82449400CB23D9 /* Assets.xcassets */ = {isa = PBXFileReference; lastKnownFileType = folder.assetcatalog; path = Assets.xcassets; sourceTree = "<group>"; };
		7EF318801D82449400CB23D9 /* Base */ = {isa = PBXFileReference; lastKnownFileType = file.storyboard; name = Base; path = Base.lproj/LaunchScreen.storyboard; sourceTree = "<group>"; };
		7EF318821D82449400CB23D9 /* Info.plist */ = {isa = PBXFileReference; lastKnownFileType = text.plist.xml; path = Info.plist; sourceTree = "<group>"; };
		7EF318D41D827AD000CB23D9 /* UIButton+XHEnlarged.h */ = {isa = PBXFileReference; fileEncoding = 4; lastKnownFileType = sourcecode.c.h; path = "UIButton+XHEnlarged.h"; sourceTree = "<group>"; };
		7EF318D51D827AD000CB23D9 /* UIButton+XHEnlarged.m */ = {isa = PBXFileReference; fileEncoding = 4; lastKnownFileType = sourcecode.c.objc; path = "UIButton+XHEnlarged.m"; sourceTree = "<group>"; };
		7EF318D61D827AD000CB23D9 /* UIImage+XHGIF.h */ = {isa = PBXFileReference; fileEncoding = 4; lastKnownFileType = sourcecode.c.h; path = "UIImage+XHGIF.h"; sourceTree = "<group>"; };
		7EF318D71D827AD000CB23D9 /* UIImage+XHGIF.m */ = {isa = PBXFileReference; fileEncoding = 4; lastKnownFileType = sourcecode.c.objc; path = "UIImage+XHGIF.m"; sourceTree = "<group>"; };
		7EF318D81D827AD000CB23D9 /* UIImageView+XHWebCache.h */ = {isa = PBXFileReference; fileEncoding = 4; lastKnownFileType = sourcecode.c.h; path = "UIImageView+XHWebCache.h"; sourceTree = "<group>"; };
		7EF318D91D827AD000CB23D9 /* UIImageView+XHWebCache.m */ = {isa = PBXFileReference; fileEncoding = 4; lastKnownFileType = sourcecode.c.objc; path = "UIImageView+XHWebCache.m"; sourceTree = "<group>"; };
		7EF318DA1D827AD000CB23D9 /* XHImageCache.h */ = {isa = PBXFileReference; fileEncoding = 4; lastKnownFileType = sourcecode.c.h; path = XHImageCache.h; sourceTree = "<group>"; };
		7EF318DB1D827AD000CB23D9 /* XHImageCache.m */ = {isa = PBXFileReference; fileEncoding = 4; lastKnownFileType = sourcecode.c.objc; path = XHImageCache.m; sourceTree = "<group>"; };
		7EF318DC1D827AD000CB23D9 /* XHLaunchAd.h */ = {isa = PBXFileReference; fileEncoding = 4; lastKnownFileType = sourcecode.c.h; path = XHLaunchAd.h; sourceTree = "<group>"; };
		7EF318DD1D827AD000CB23D9 /* XHLaunchAd.m */ = {isa = PBXFileReference; fileEncoding = 4; lastKnownFileType = sourcecode.c.objc; path = XHLaunchAd.m; sourceTree = "<group>"; };
		7EF318DE1D827AD000CB23D9 /* XHWebImageDownload.h */ = {isa = PBXFileReference; fileEncoding = 4; lastKnownFileType = sourcecode.c.h; path = XHWebImageDownload.h; sourceTree = "<group>"; };
		7EF318DF1D827AD000CB23D9 /* XHWebImageDownload.m */ = {isa = PBXFileReference; fileEncoding = 4; lastKnownFileType = sourcecode.c.objc; path = XHWebImageDownload.m; sourceTree = "<group>"; };
		7EF318E91D827BE400CB23D9 /* BeforeLoginViewController.h */ = {isa = PBXFileReference; fileEncoding = 4; lastKnownFileType = sourcecode.c.h; path = BeforeLoginViewController.h; sourceTree = "<group>"; };
		7EF318EA1D827BE400CB23D9 /* BeforeLoginViewController.m */ = {isa = PBXFileReference; fileEncoding = 4; lastKnownFileType = sourcecode.c.objc; path = BeforeLoginViewController.m; sourceTree = "<group>"; };
		7EF318ED1D827F9A00CB23D9 /* PrefixHeader.pch */ = {isa = PBXFileReference; fileEncoding = 4; lastKnownFileType = sourcecode.c.h; path = PrefixHeader.pch; sourceTree = "<group>"; };
		7EF318F01D82870A00CB23D9 /* RequestManager.h */ = {isa = PBXFileReference; fileEncoding = 4; lastKnownFileType = sourcecode.c.h; path = RequestManager.h; sourceTree = "<group>"; };
		7EF318F11D82870A00CB23D9 /* RequestManager.m */ = {isa = PBXFileReference; fileEncoding = 4; lastKnownFileType = sourcecode.c.objc; path = RequestManager.m; sourceTree = "<group>"; };
		7EF318F31D828A6700CB23D9 /* RBRequestTool.h */ = {isa = PBXFileReference; fileEncoding = 4; lastKnownFileType = sourcecode.c.h; path = RBRequestTool.h; sourceTree = "<group>"; };
		7EF318F41D828A6700CB23D9 /* RBRequestTool.m */ = {isa = PBXFileReference; fileEncoding = 4; lastKnownFileType = sourcecode.c.objc; path = RBRequestTool.m; sourceTree = "<group>"; };
		7EF318F61D828D3700CB23D9 /* Login&Register.storyboard */ = {isa = PBXFileReference; fileEncoding = 4; lastKnownFileType = file.storyboard; path = "Login&Register.storyboard"; sourceTree = "<group>"; };
		7EF318FC1D82906800CB23D9 /* YMHomeViewController.h */ = {isa = PBXFileReference; fileEncoding = 4; lastKnownFileType = sourcecode.c.h; path = YMHomeViewController.h; sourceTree = "<group>"; };
		7EF318FD1D82906800CB23D9 /* YMHomeViewController.m */ = {isa = PBXFileReference; fileEncoding = 4; lastKnownFileType = sourcecode.c.objc; path = YMHomeViewController.m; sourceTree = "<group>"; };
		7EF318FF1D82909100CB23D9 /* YMVideoViewController.h */ = {isa = PBXFileReference; fileEncoding = 4; lastKnownFileType = sourcecode.c.h; path = YMVideoViewController.h; sourceTree = "<group>"; };
		7EF319001D82909100CB23D9 /* YMVideoViewController.m */ = {isa = PBXFileReference; fileEncoding = 4; lastKnownFileType = sourcecode.c.objc; path = YMVideoViewController.m; sourceTree = "<group>"; };
		7EF319021D8290A800CB23D9 /* YMNewCareViewController.h */ = {isa = PBXFileReference; fileEncoding = 4; lastKnownFileType = sourcecode.c.h; path = YMNewCareViewController.h; sourceTree = "<group>"; };
		7EF319031D8290A800CB23D9 /* YMNewCareViewController.m */ = {isa = PBXFileReference; fileEncoding = 4; lastKnownFileType = sourcecode.c.objc; path = YMNewCareViewController.m; sourceTree = "<group>"; };
		7EF319051D8290B800CB23D9 /* YMMineViewController.h */ = {isa = PBXFileReference; fileEncoding = 4; lastKnownFileType = sourcecode.c.h; path = YMMineViewController.h; sourceTree = "<group>"; };
		7EF319061D8290B800CB23D9 /* YMMineViewController.m */ = {isa = PBXFileReference; fileEncoding = 4; lastKnownFileType = sourcecode.c.objc; path = YMMineViewController.m; sourceTree = "<group>"; };
		7EF3190B1D82927100CB23D9 /* YMTabBarController.h */ = {isa = PBXFileReference; fileEncoding = 4; lastKnownFileType = sourcecode.c.h; path = YMTabBarController.h; sourceTree = "<group>"; };
		7EF3190C1D82927100CB23D9 /* YMTabBarController.m */ = {isa = PBXFileReference; fileEncoding = 4; lastKnownFileType = sourcecode.c.objc; path = YMTabBarController.m; sourceTree = "<group>"; };
		7EF3190E1D82980000CB23D9 /* YMNavigationController.h */ = {isa = PBXFileReference; fileEncoding = 4; lastKnownFileType = sourcecode.c.h; path = YMNavigationController.h; sourceTree = "<group>"; };
		7EF3190F1D82980000CB23D9 /* YMNavigationController.m */ = {isa = PBXFileReference; fileEncoding = 4; lastKnownFileType = sourcecode.c.objc; path = YMNavigationController.m; sourceTree = "<group>"; };
		7EF319111D829AB600CB23D9 /* Home.storyboard */ = {isa = PBXFileReference; fileEncoding = 4; lastKnownFileType = file.storyboard; path = Home.storyboard; sourceTree = "<group>"; };
		7EF319131D829B3C00CB23D9 /* Mine.storyboard */ = {isa = PBXFileReference; fileEncoding = 4; lastKnownFileType = file.storyboard; path = Mine.storyboard; sourceTree = "<group>"; };
		7EF319151D829B5E00CB23D9 /* NewsCare.storyboard */ = {isa = PBXFileReference; fileEncoding = 4; lastKnownFileType = file.storyboard; path = NewsCare.storyboard; sourceTree = "<group>"; };
		7EF319171D829B6C00CB23D9 /* Video.storyboard */ = {isa = PBXFileReference; fileEncoding = 4; lastKnownFileType = file.storyboard; path = Video.storyboard; sourceTree = "<group>"; };
		8F6F192F7D38A3917DFFC16F /* libPods-News.a */ = {isa = PBXFileReference; explicitFileType = archive.ar; includeInIndex = 0; path = "libPods-News.a"; sourceTree = BUILT_PRODUCTS_DIR; };
/* End PBXFileReference section */

/* Begin PBXFrameworksBuildPhase section */
		7EF3186B1D82449400CB23D9 /* Frameworks */ = {
			isa = PBXFrameworksBuildPhase;
			buildActionMask = 2147483647;
			files = (
				74B44D56E70E7783A094741F /* libPods-News.a in Frameworks */,
			);
			runOnlyForDeploymentPostprocessing = 0;
		};
/* End PBXFrameworksBuildPhase section */

/* Begin PBXGroup section */
		181349F31D857A6F00164859 /* Models */ = {
			isa = PBXGroup;
			children = (
				181349F41D857A6F00164859 /* HomeModel */,
				181349F51D857A6F00164859 /* Login&RegisterModel */,
				181349F61D857A6F00164859 /* MineModel */,
				181349F71D857A6F00164859 /* NewsCareModel */,
				181349F81D857A6F00164859 /* VideoModel */,
			);
			path = Models;
			sourceTree = "<group>";
		};
		181349F41D857A6F00164859 /* HomeModel */ = {
			isa = PBXGroup;
			children = (
				181349F91D857AC300164859 /* HomeTopTitle.h */,
				181349FA1D857AC300164859 /* HomeTopTitle.m */,
			);
			path = HomeModel;
			sourceTree = "<group>";
		};
		181349F51D857A6F00164859 /* Login&RegisterModel */ = {
			isa = PBXGroup;
			children = (
			);
			path = "Login&RegisterModel";
			sourceTree = "<group>";
		};
		181349F61D857A6F00164859 /* MineModel */ = {
			isa = PBXGroup;
			children = (
			);
			path = MineModel;
			sourceTree = "<group>";
		};
		181349F71D857A6F00164859 /* NewsCareModel */ = {
			isa = PBXGroup;
			children = (
			);
			path = NewsCareModel;
			sourceTree = "<group>";
		};
		181349F81D857A6F00164859 /* VideoModel */ = {
			isa = PBXGroup;
			children = (
			);
			path = VideoModel;
			sourceTree = "<group>";
		};
		181349FC1D857C3000164859 /* Category */ = {
			isa = PBXGroup;
			children = (
			);
			path = Category;
			sourceTree = "<group>";
		};
		181349FD1D857C3000164859 /* Others */ = {
			isa = PBXGroup;
			children = (
				181349FE1D857C3000164859 /* YMConst.h */,
			);
			path = Others;
			sourceTree = "<group>";
		};
		186B9F381D8596E800937060 /* Views */ = {
			isa = PBXGroup;
			children = (
				186B9F391D85978A00937060 /* AddButtonView.h */,
				186B9F3A1D85978A00937060 /* AddButtonView.m */,
			);
			path = Views;
			sourceTree = "<group>";
		};
		18FD82C71D82EC0A00FD2330 /* Views */ = {
			isa = PBXGroup;
			children = (
				18FD82C81D82F20E00FD2330 /* CircleView.h */,
				18FD82C91D82F20E00FD2330 /* CircleView.m */,
			);
			path = Views;
			sourceTree = "<group>";
		};
		397F53F4333827598022E60E /* Pods */ = {
			isa = PBXGroup;
			children = (
				5ADAA3FFFA8025403D1F2260 /* Pods-News.debug.xcconfig */,
				265927345EEBE6EAF3184307 /* Pods-News.release.xcconfig */,
			);
			name = Pods;
			sourceTree = "<group>";
		};
		7EF318651D82449400CB23D9 = {
			isa = PBXGroup;
			children = (
				7EF318701D82449400CB23D9 /* News */,
				7EF3186F1D82449400CB23D9 /* Products */,
				397F53F4333827598022E60E /* Pods */,
				842EE0785AF8EC6443C7E65E /* Frameworks */,
			);
			sourceTree = "<group>";
		};
		7EF3186F1D82449400CB23D9 /* Products */ = {
			isa = PBXGroup;
			children = (
				7EF3186E1D82449400CB23D9 /* News.app */,
			);
			name = Products;
			sourceTree = "<group>";
		};
		7EF318701D82449400CB23D9 /* News */ = {
			isa = PBXGroup;
			children = (
				7EF318D21D827AD000CB23D9 /* Features */,
				7EF318D11D827AD000CB23D9 /* Commons */,
				181349F31D857A6F00164859 /* Models */,
				7EF318E11D827AD000CB23D9 /* Requests */,
				7EF318741D82449400CB23D9 /* AppDelegate.h */,
				7EF318751D82449400CB23D9 /* AppDelegate.m */,
				7EF3187D1D82449400CB23D9 /* Assets.xcassets */,
				7EF3187F1D82449400CB23D9 /* LaunchScreen.storyboard */,
				7EF318ED1D827F9A00CB23D9 /* PrefixHeader.pch */,
				7EF318821D82449400CB23D9 /* Info.plist */,
				7EF318711D82449400CB23D9 /* Supporting Files */,
			);
			path = News;
			sourceTree = "<group>";
		};
		7EF318711D82449400CB23D9 /* Supporting Files */ = {
			isa = PBXGroup;
			children = (
				7EF318721D82449400CB23D9 /* main.m */,
			);
			name = "Supporting Files";
			sourceTree = "<group>";
		};
		7EF318D11D827AD000CB23D9 /* Commons */ = {
			isa = PBXGroup;
			children = (
				181349FC1D857C3000164859 /* Category */,
				7EF319091D82924200CB23D9 /* Controller */,
				181349FD1D857C3000164859 /* Others */,
			);
			path = Commons;
			sourceTree = "<group>";
		};
		7EF318D21D827AD000CB23D9 /* Features */ = {
			isa = PBXGroup;
			children = (
				7EF318F81D82904200CB23D9 /* Home(首页) */,
				7EF318F91D82904200CB23D9 /* Mine(我的) */,
				7EF318FA1D82904200CB23D9 /* NewsCare(关注) */,
				7EF318FB1D82904200CB23D9 /* Video(视屏) */,
				7EF318E81D827BE400CB23D9 /* Login&Register */,
				7EF318D31D827AD000CB23D9 /* XHLaunchAd */,
			);
			path = Features;
			sourceTree = "<group>";
		};
		7EF318D31D827AD000CB23D9 /* XHLaunchAd */ = {
			isa = PBXGroup;
			children = (
				7EF318D41D827AD000CB23D9 /* UIButton+XHEnlarged.h */,
				7EF318D51D827AD000CB23D9 /* UIButton+XHEnlarged.m */,
				7EF318D61D827AD000CB23D9 /* UIImage+XHGIF.h */,
				7EF318D71D827AD000CB23D9 /* UIImage+XHGIF.m */,
				7EF318D81D827AD000CB23D9 /* UIImageView+XHWebCache.h */,
				7EF318D91D827AD000CB23D9 /* UIImageView+XHWebCache.m */,
				7EF318DA1D827AD000CB23D9 /* XHImageCache.h */,
				7EF318DB1D827AD000CB23D9 /* XHImageCache.m */,
				7EF318DC1D827AD000CB23D9 /* XHLaunchAd.h */,
				7EF318DD1D827AD000CB23D9 /* XHLaunchAd.m */,
				7EF318DE1D827AD000CB23D9 /* XHWebImageDownload.h */,
				7EF318DF1D827AD000CB23D9 /* XHWebImageDownload.m */,
			);
			path = XHLaunchAd;
			sourceTree = "<group>";
		};
		7EF318E11D827AD000CB23D9 /* Requests */ = {
			isa = PBXGroup;
			children = (
				7EF318EF1D82865600CB23D9 /* RBRequests */,
			);
			path = Requests;
			sourceTree = "<group>";
		};
		7EF318E81D827BE400CB23D9 /* Login&Register */ = {
			isa = PBXGroup;
			children = (
				7EF318E91D827BE400CB23D9 /* BeforeLoginViewController.h */,
				7EF318EA1D827BE400CB23D9 /* BeforeLoginViewController.m */,
				7EF318F61D828D3700CB23D9 /* Login&Register.storyboard */,
			);
			path = "Login&Register";
			sourceTree = "<group>";
		};
		7EF318EF1D82865600CB23D9 /* RBRequests */ = {
			isa = PBXGroup;
			children = (
				7EF318F31D828A6700CB23D9 /* RBRequestTool.h */,
				7EF318F41D828A6700CB23D9 /* RBRequestTool.m */,
				7EF318F01D82870A00CB23D9 /* RequestManager.h */,
				7EF318F11D82870A00CB23D9 /* RequestManager.m */,
			);
			path = RBRequests;
			sourceTree = "<group>";
		};
		7EF318F81D82904200CB23D9 /* Home(首页) */ = {
			isa = PBXGroup;
			children = (
				186B9F381D8596E800937060 /* Views */,
				7EF318FC1D82906800CB23D9 /* YMHomeViewController.h */,
				7EF318FD1D82906800CB23D9 /* YMHomeViewController.m */,
				7EF319111D829AB600CB23D9 /* Home.storyboard */,
			);
			path = "Home(首页)";
			sourceTree = "<group>";
		};
		7EF318F91D82904200CB23D9 /* Mine(我的) */ = {
			isa = PBXGroup;
			children = (
				18FD82C71D82EC0A00FD2330 /* Views */,
				7EF319051D8290B800CB23D9 /* YMMineViewController.h */,
				7EF319061D8290B800CB23D9 /* YMMineViewController.m */,
				7EF319131D829B3C00CB23D9 /* Mine.storyboard */,
			);
			path = "Mine(我的)";
			sourceTree = "<group>";
		};
		7EF318FA1D82904200CB23D9 /* NewsCare(关注) */ = {
			isa = PBXGroup;
			children = (
				7EF319021D8290A800CB23D9 /* YMNewCareViewController.h */,
				7EF319031D8290A800CB23D9 /* YMNewCareViewController.m */,
				7EF319151D829B5E00CB23D9 /* NewsCare.storyboard */,
			);
			path = "NewsCare(关注)";
			sourceTree = "<group>";
		};
		7EF318FB1D82904200CB23D9 /* Video(视屏) */ = {
			isa = PBXGroup;
			children = (
				7EF318FF1D82909100CB23D9 /* YMVideoViewController.h */,
				7EF319001D82909100CB23D9 /* YMVideoViewController.m */,
				7EF319171D829B6C00CB23D9 /* Video.storyboard */,
			);
			path = "Video(视屏)";
			sourceTree = "<group>";
		};
		7EF319091D82924200CB23D9 /* Controller */ = {
			isa = PBXGroup;
			children = (
				7EF3190B1D82927100CB23D9 /* YMTabBarController.h */,
				7EF3190C1D82927100CB23D9 /* YMTabBarController.m */,
				7EF3190E1D82980000CB23D9 /* YMNavigationController.h */,
				7EF3190F1D82980000CB23D9 /* YMNavigationController.m */,
			);
			path = Controller;
			sourceTree = "<group>";
		};
		842EE0785AF8EC6443C7E65E /* Frameworks */ = {
			isa = PBXGroup;
			children = (
				8F6F192F7D38A3917DFFC16F /* libPods-News.a */,
			);
			name = Frameworks;
			sourceTree = "<group>";
		};
/* End PBXGroup section */

/* Begin PBXNativeTarget section */
		7EF3186D1D82449400CB23D9 /* News */ = {
			isa = PBXNativeTarget;
			buildConfigurationList = 7EF318851D82449400CB23D9 /* Build configuration list for PBXNativeTarget "News" */;
			buildPhases = (
				90C645DC85F0300E5E92420C /* [CP] Check Pods Manifest.lock */,
				7EF3186A1D82449400CB23D9 /* Sources */,
				7EF3186B1D82449400CB23D9 /* Frameworks */,
				7EF3186C1D82449400CB23D9 /* Resources */,
				90221D386A73B5CAB261EFB9 /* [CP] Embed Pods Frameworks */,
				6D7B13474736068B1C4DCE69 /* [CP] Copy Pods Resources */,
			);
			buildRules = (
			);
			dependencies = (
			);
			name = News;
			productName = News;
			productReference = 7EF3186E1D82449400CB23D9 /* News.app */;
			productType = "com.apple.product-type.application";
		};
/* End PBXNativeTarget section */

/* Begin PBXProject section */
		7EF318661D82449400CB23D9 /* Project object */ = {
			isa = PBXProject;
			attributes = {
				LastUpgradeCheck = 0730;
				ORGANIZATIONNAME = homyu;
				TargetAttributes = {
					7EF3186D1D82449400CB23D9 = {
						CreatedOnToolsVersion = 7.3.1;
						DevelopmentTeam = V4YAFQAVW3;
					};
				};
			};
			buildConfigurationList = 7EF318691D82449400CB23D9 /* Build configuration list for PBXProject "News" */;
			compatibilityVersion = "Xcode 3.2";
			developmentRegion = English;
			hasScannedForEncodings = 0;
			knownRegions = (
				en,
				Base,
			);
			mainGroup = 7EF318651D82449400CB23D9;
			productRefGroup = 7EF3186F1D82449400CB23D9 /* Products */;
			projectDirPath = "";
			projectRoot = "";
			targets = (
				7EF3186D1D82449400CB23D9 /* News */,
			);
		};
/* End PBXProject section */

/* Begin PBXResourcesBuildPhase section */
		7EF3186C1D82449400CB23D9 /* Resources */ = {
			isa = PBXResourcesBuildPhase;
			buildActionMask = 2147483647;
			files = (
				7EF318F71D828D3700CB23D9 /* Login&Register.storyboard in Resources */,
				7EF318811D82449400CB23D9 /* LaunchScreen.storyboard in Resources */,
				7EF319161D829B5E00CB23D9 /* NewsCare.storyboard in Resources */,
				7EF319141D829B3C00CB23D9 /* Mine.storyboard in Resources */,
				7EF319181D829B6C00CB23D9 /* Video.storyboard in Resources */,
				7EF3187E1D82449400CB23D9 /* Assets.xcassets in Resources */,
				7EF319121D829AB600CB23D9 /* Home.storyboard in Resources */,
			);
			runOnlyForDeploymentPostprocessing = 0;
		};
/* End PBXResourcesBuildPhase section */

/* Begin PBXShellScriptBuildPhase section */
		6D7B13474736068B1C4DCE69 /* [CP] Copy Pods Resources */ = {
			isa = PBXShellScriptBuildPhase;
			buildActionMask = 2147483647;
			files = (
			);
			inputPaths = (
			);
			name = "[CP] Copy Pods Resources";
			outputPaths = (
			);
			runOnlyForDeploymentPostprocessing = 0;
			shellPath = /bin/sh;
			shellScript = "\"${SRCROOT}/Pods/Target Support Files/Pods-News/Pods-News-resources.sh\"\n";
			showEnvVarsInLog = 0;
		};
		90221D386A73B5CAB261EFB9 /* [CP] Embed Pods Frameworks */ = {
			isa = PBXShellScriptBuildPhase;
			buildActionMask = 2147483647;
			files = (
			);
			inputPaths = (
			);
			name = "[CP] Embed Pods Frameworks";
			outputPaths = (
			);
			runOnlyForDeploymentPostprocessing = 0;
			shellPath = /bin/sh;
			shellScript = "\"${SRCROOT}/Pods/Target Support Files/Pods-News/Pods-News-frameworks.sh\"\n";
			showEnvVarsInLog = 0;
		};
		90C645DC85F0300E5E92420C /* [CP] Check Pods Manifest.lock */ = {
			isa = PBXShellScriptBuildPhase;
			buildActionMask = 2147483647;
			files = (
			);
			inputPaths = (
			);
			name = "[CP] Check Pods Manifest.lock";
			outputPaths = (
			);
			runOnlyForDeploymentPostprocessing = 0;
			shellPath = /bin/sh;
			shellScript = "diff \"${PODS_ROOT}/../Podfile.lock\" \"${PODS_ROOT}/Manifest.lock\" > /dev/null\nif [[ $? != 0 ]] ; then\n    cat << EOM\nerror: The sandbox is not in sync with the Podfile.lock. Run 'pod install' or update your CocoaPods installation.\nEOM\n    exit 1\nfi\n";
			showEnvVarsInLog = 0;
		};
/* End PBXShellScriptBuildPhase section */

/* Begin PBXSourcesBuildPhase section */
		7EF3186A1D82449400CB23D9 /* Sources */ = {
			isa = PBXSourcesBuildPhase;
			buildActionMask = 2147483647;
			files = (
				7EF318F51D828A6700CB23D9 /* RBRequestTool.m in Sources */,
				7EF318EB1D827BE400CB23D9 /* BeforeLoginViewController.m in Sources */,
				18FD82CA1D82F20E00FD2330 /* CircleView.m in Sources */,
				7EF318E71D827AD000CB23D9 /* XHWebImageDownload.m in Sources */,
				7EF319101D82980000CB23D9 /* YMNavigationController.m in Sources */,
				7EF318E51D827AD000CB23D9 /* XHImageCache.m in Sources */,
				7EF319011D82909100CB23D9 /* YMVideoViewController.m in Sources */,
				7EF3190D1D82927100CB23D9 /* YMTabBarController.m in Sources */,
				7EF318761D82449400CB23D9 /* AppDelegate.m in Sources */,
				7EF318731D82449400CB23D9 /* main.m in Sources */,
				186B9F3B1D85978A00937060 /* AddButtonView.m in Sources */,
				7EF318F21D82870A00CB23D9 /* RequestManager.m in Sources */,
				7EF318E31D827AD000CB23D9 /* UIImage+XHGIF.m in Sources */,
				7EF318E41D827AD000CB23D9 /* UIImageView+XHWebCache.m in Sources */,
				181349FB1D857AC300164859 /* HomeTopTitle.m in Sources */,
				7EF319041D8290A800CB23D9 /* YMNewCareViewController.m in Sources */,
				7EF318E21D827AD000CB23D9 /* UIButton+XHEnlarged.m in Sources */,
				7EF319071D8290B800CB23D9 /* YMMineViewController.m in Sources */,
				7EF318E61D827AD000CB23D9 /* XHLaunchAd.m in Sources */,
				7EF318FE1D82906800CB23D9 /* YMHomeViewController.m in Sources */,
			);
			runOnlyForDeploymentPostprocessing = 0;
		};
/* End PBXSourcesBuildPhase section */

/* Begin PBXVariantGroup section */
		7EF3187F1D82449400CB23D9 /* LaunchScreen.storyboard */ = {
			isa = PBXVariantGroup;
			children = (
				7EF318801D82449400CB23D9 /* Base */,
			);
			name = LaunchScreen.storyboard;
			sourceTree = "<group>";
		};
/* End PBXVariantGroup section */

/* Begin XCBuildConfiguration section */
		7EF318831D82449400CB23D9 /* Debug */ = {
			isa = XCBuildConfiguration;
			buildSettings = {
				ALWAYS_SEARCH_USER_PATHS = NO;
				CLANG_ANALYZER_NONNULL = YES;
				CLANG_CXX_LANGUAGE_STANDARD = "gnu++0x";
				CLANG_CXX_LIBRARY = "libc++";
				CLANG_ENABLE_MODULES = YES;
				CLANG_ENABLE_OBJC_ARC = YES;
				CLANG_WARN_BOOL_CONVERSION = YES;
				CLANG_WARN_CONSTANT_CONVERSION = YES;
				CLANG_WARN_DIRECT_OBJC_ISA_USAGE = YES_ERROR;
				CLANG_WARN_EMPTY_BODY = YES;
				CLANG_WARN_ENUM_CONVERSION = YES;
				CLANG_WARN_INT_CONVERSION = YES;
				CLANG_WARN_OBJC_ROOT_CLASS = YES_ERROR;
				CLANG_WARN_UNREACHABLE_CODE = YES;
				CLANG_WARN__DUPLICATE_METHOD_MATCH = YES;
				"CODE_SIGN_IDENTITY[sdk=iphoneos*]" = "iPhone Developer";
				COPY_PHASE_STRIP = NO;
				DEBUG_INFORMATION_FORMAT = dwarf;
				ENABLE_STRICT_OBJC_MSGSEND = YES;
				ENABLE_TESTABILITY = YES;
				GCC_C_LANGUAGE_STANDARD = gnu99;
				GCC_DYNAMIC_NO_PIC = NO;
				GCC_NO_COMMON_BLOCKS = YES;
				GCC_OPTIMIZATION_LEVEL = 0;
				GCC_PREFIX_HEADER = "$(SRCROOT)/News/PrefixHeader.pch";
				GCC_PREPROCESSOR_DEFINITIONS = (
					"DEBUG=1",
					"$(inherited)",
				);
				GCC_WARN_64_TO_32_BIT_CONVERSION = YES;
				GCC_WARN_ABOUT_RETURN_TYPE = YES_ERROR;
				GCC_WARN_UNDECLARED_SELECTOR = YES;
				GCC_WARN_UNINITIALIZED_AUTOS = YES_AGGRESSIVE;
				GCC_WARN_UNUSED_FUNCTION = YES;
				GCC_WARN_UNUSED_VARIABLE = YES;
				IPHONEOS_DEPLOYMENT_TARGET = 9.3;
				MTL_ENABLE_DEBUG_INFO = YES;
				ONLY_ACTIVE_ARCH = YES;
				SDKROOT = iphoneos;
			};
			name = Debug;
		};
		7EF318841D82449400CB23D9 /* Release */ = {
			isa = XCBuildConfiguration;
			buildSettings = {
				ALWAYS_SEARCH_USER_PATHS = NO;
				CLANG_ANALYZER_NONNULL = YES;
				CLANG_CXX_LANGUAGE_STANDARD = "gnu++0x";
				CLANG_CXX_LIBRARY = "libc++";
				CLANG_ENABLE_MODULES = YES;
				CLANG_ENABLE_OBJC_ARC = YES;
				CLANG_WARN_BOOL_CONVERSION = YES;
				CLANG_WARN_CONSTANT_CONVERSION = YES;
				CLANG_WARN_DIRECT_OBJC_ISA_USAGE = YES_ERROR;
				CLANG_WARN_EMPTY_BODY = YES;
				CLANG_WARN_ENUM_CONVERSION = YES;
				CLANG_WARN_INT_CONVERSION = YES;
				CLANG_WARN_OBJC_ROOT_CLASS = YES_ERROR;
				CLANG_WARN_UNREACHABLE_CODE = YES;
				CLANG_WARN__DUPLICATE_METHOD_MATCH = YES;
				"CODE_SIGN_IDENTITY[sdk=iphoneos*]" = "iPhone Developer";
				COPY_PHASE_STRIP = NO;
				DEBUG_INFORMATION_FORMAT = "dwarf-with-dsym";
				ENABLE_NS_ASSERTIONS = NO;
				ENABLE_STRICT_OBJC_MSGSEND = YES;
				GCC_C_LANGUAGE_STANDARD = gnu99;
				GCC_NO_COMMON_BLOCKS = YES;
				GCC_PREFIX_HEADER = "$(SRCROOT)/News/PrefixHeader.pch";
				GCC_WARN_64_TO_32_BIT_CONVERSION = YES;
				GCC_WARN_ABOUT_RETURN_TYPE = YES_ERROR;
				GCC_WARN_UNDECLARED_SELECTOR = YES;
				GCC_WARN_UNINITIALIZED_AUTOS = YES_AGGRESSIVE;
				GCC_WARN_UNUSED_FUNCTION = YES;
				GCC_WARN_UNUSED_VARIABLE = YES;
				IPHONEOS_DEPLOYMENT_TARGET = 9.3;
				MTL_ENABLE_DEBUG_INFO = NO;
				SDKROOT = iphoneos;
				VALIDATE_PRODUCT = YES;
			};
			name = Release;
		};
		7EF318861D82449400CB23D9 /* Debug */ = {
			isa = XCBuildConfiguration;
			baseConfigurationReference = 5ADAA3FFFA8025403D1F2260 /* Pods-News.debug.xcconfig */;
			buildSettings = {
				ASSETCATALOG_COMPILER_APPICON_NAME = AppIcon;
				ASSETCATALOG_COMPILER_LAUNCHIMAGE_NAME = LaunchImage;
				CODE_SIGN_IDENTITY = "iPhone Developer: Ye Chen (2CUGYTJ66Q)";
				"CODE_SIGN_IDENTITY[sdk=iphoneos*]" = "";
				GCC_PREFIX_HEADER = "$(SRCROOT)/News/PrefixHeader.pch";
				INFOPLIST_FILE = News/Info.plist;
				IPHONEOS_DEPLOYMENT_TARGET = 7.1;
				LD_RUNPATH_SEARCH_PATHS = "$(inherited) @executable_path/Frameworks";
				PRODUCT_BUNDLE_IDENTIFIER = com.homyu.News;
				PRODUCT_NAME = "$(TARGET_NAME)";
				PROVISIONING_PROFILE = "09f0f568-d43e-47d7-a476-c29ede20633b";
			};
			name = Debug;
		};
		7EF318871D82449400CB23D9 /* Release */ = {
			isa = XCBuildConfiguration;
			baseConfigurationReference = 265927345EEBE6EAF3184307 /* Pods-News.release.xcconfig */;
			buildSettings = {
				ASSETCATALOG_COMPILER_APPICON_NAME = AppIcon;
				ASSETCATALOG_COMPILER_LAUNCHIMAGE_NAME = LaunchImage;
				CODE_SIGN_IDENTITY = "iPhone Developer: Ye Chen (2CUGYTJ66Q)";
				"CODE_SIGN_IDENTITY[sdk=iphoneos*]" = "";
				GCC_PREFIX_HEADER = "$(SRCROOT)/News/PrefixHeader.pch";
				INFOPLIST_FILE = News/Info.plist;
				IPHONEOS_DEPLOYMENT_TARGET = 7.1;
				LD_RUNPATH_SEARCH_PATHS = "$(inherited) @executable_path/Frameworks";
				PRODUCT_BUNDLE_IDENTIFIER = com.homyu.News;
				PRODUCT_NAME = "$(TARGET_NAME)";
				PROVISIONING_PROFILE = "09f0f568-d43e-47d7-a476-c29ede20633b";
			};
			name = Release;
		};
/* End XCBuildConfiguration section */

/* Begin XCConfigurationList section */
		7EF318691D82449400CB23D9 /* Build configuration list for PBXProject "News" */ = {
			isa = XCConfigurationList;
			buildConfigurations = (
				7EF318831D82449400CB23D9 /* Debug */,
				7EF318841D82449400CB23D9 /* Release */,
			);
			defaultConfigurationIsVisible = 0;
			defaultConfigurationName = Release;
		};
		7EF318851D82449400CB23D9 /* Build configuration list for PBXNativeTarget "News" */ = {
			isa = XCConfigurationList;
			buildConfigurations = (
				7EF318861D82449400CB23D9 /* Debug */,
				7EF318871D82449400CB23D9 /* Release */,
			);
			defaultConfigurationIsVisible = 0;
			defaultConfigurationName = Release;
		};
/* End XCConfigurationList section */
	};
	rootObject = 7EF318661D82449400CB23D9 /* Project object */;
}
